
Microsoft Visual Studio Solution File, Format Version 12.00
# Visual Studio Version 16
VisualStudioVersion = 16.0.31005.135
MinimumVisualStudioVersion = 10.0.40219.1
Project("{FAE04EC0-301F-11D3-BF4B-00C04F79EFBC}") = "Delta", "Delta.csproj", "{BEDB8F45-7936-461C-A40F-AD8EE2546E07}"
EndProject
Global
	GlobalSection(SolutionConfigurationPlatforms) = preSolution
		Debug|Any CPU = Debug|Any CPU
		Release|Any CPU = Release|Any CPU
	EndGlobalSection
	GlobalSection(ProjectConfigurationPlatforms) = postSolution
		{BEDB8F45-7936-461C-A40F-AD8EE2546E07}.Debug|Any CPU.ActiveCfg = Debug|Any CPU
		{BEDB8F45-7936-461C-A40F-AD8EE2546E07}.Debug|Any CPU.Build.0 = Debug|Any CPU
		{BEDB8F45-7936-461C-A40F-AD8EE2546E07}.Release|Any CPU.ActiveCfg = Release|Any CPU
		{BEDB8F45-7936-461C-A40F-AD8EE2546E07}.Release|Any CPU.Build.0 = Release|Any CPU
	EndGlobalSection
	GlobalSection(SolutionProperties) = preSolution
		HideSolutionNode = FALSE
	EndGlobalSection
	GlobalSection(ExtensibilityGlobals) = postSolution
		SolutionGuid = {F400BE6E-E542-4416-B037-5B1B0463754C}
	EndGlobalSection
EndGlobal
