
Microsoft Visual Studio Solution File, Format Version 12.00
# Visual Studio Version 16
VisualStudioVersion = 16.0.31019.35
MinimumVisualStudioVersion = 10.0.40219.1
Project("{9A19103F-16F7-4668-BE54-9A1E7A4F7556}") = "HotelExercise.Models", "HotelExercise.Models\HotelExercise.Models.csproj", "{DA7D89B9-75CA-4590-BABF-CD02D92D668B}"
EndProject
Project("{9A19103F-16F7-4668-BE54-9A1E7A4F7556}") = "HotelExercise.DataAccess", "HotelExercise.DataAccess\HotelExercise.DataAccess.csproj", "{929D40E9-AEC5-4A89-BFE2-6443D7D4DDAA}"
EndProject
Project("{9A19103F-16F7-4668-BE54-9A1E7A4F7556}") = "HotelExercise.InputData", "HotelExercise.InputData\HotelExercise.InputData.csproj", "{2A492580-94F8-4C0D-B1FB-324F3ABE5B29}"
EndProject
Project("{9A19103F-16F7-4668-BE54-9A1E7A4F7556}") = "HotelExercise.QueryingData", "HotelExercise.QueryingData\HotelExercise.QueryingData.csproj", "{0C2AC8E4-B6CE-4FA8-9B24-9AEAEE73A380}"
EndProject
Global
	GlobalSection(SolutionConfigurationPlatforms) = preSolution
		Debug|Any CPU = Debug|Any CPU
		Release|Any CPU = Release|Any CPU
	EndGlobalSection
	GlobalSection(ProjectConfigurationPlatforms) = postSolution
		{DA7D89B9-75CA-4590-BABF-CD02D92D668B}.Debug|Any CPU.ActiveCfg = Debug|Any CPU
		{DA7D89B9-75CA-4590-BABF-CD02D92D668B}.Debug|Any CPU.Build.0 = Debug|Any CPU
		{DA7D89B9-75CA-4590-BABF-CD02D92D668B}.Release|Any CPU.ActiveCfg = Release|Any CPU
		{DA7D89B9-75CA-4590-BABF-CD02D92D668B}.Release|Any CPU.Build.0 = Release|Any CPU
		{929D40E9-AEC5-4A89-BFE2-6443D7D4DDAA}.Debug|Any CPU.ActiveCfg = Debug|Any CPU
		{929D40E9-AEC5-4A89-BFE2-6443D7D4DDAA}.Debug|Any CPU.Build.0 = Debug|Any CPU
		{929D40E9-AEC5-4A89-BFE2-6443D7D4DDAA}.Release|Any CPU.ActiveCfg = Release|Any CPU
		{929D40E9-AEC5-4A89-BFE2-6443D7D4DDAA}.Release|Any CPU.Build.0 = Release|Any CPU
		{2A492580-94F8-4C0D-B1FB-324F3ABE5B29}.Debug|Any CPU.ActiveCfg = Debug|Any CPU
		{2A492580-94F8-4C0D-B1FB-324F3ABE5B29}.Debug|Any CPU.Build.0 = Debug|Any CPU
		{2A492580-94F8-4C0D-B1FB-324F3ABE5B29}.Release|Any CPU.ActiveCfg = Release|Any CPU
		{2A492580-94F8-4C0D-B1FB-324F3ABE5B29}.Release|Any CPU.Build.0 = Release|Any CPU
		{0C2AC8E4-B6CE-4FA8-9B24-9AEAEE73A380}.Debug|Any CPU.ActiveCfg = Debug|Any CPU
		{0C2AC8E4-B6CE-4FA8-9B24-9AEAEE73A380}.Debug|Any CPU.Build.0 = Debug|Any CPU
		{0C2AC8E4-B6CE-4FA8-9B24-9AEAEE73A380}.Release|Any CPU.ActiveCfg = Release|Any CPU
		{0C2AC8E4-B6CE-4FA8-9B24-9AEAEE73A380}.Release|Any CPU.Build.0 = Release|Any CPU
	EndGlobalSection
	GlobalSection(SolutionProperties) = preSolution
		HideSolutionNode = FALSE
	EndGlobalSection
	GlobalSection(ExtensibilityGlobals) = postSolution
		SolutionGuid = {F4918BBB-0C2D-46CD-BD09-7581353409F0}
	EndGlobalSection
EndGlobal
