
Microsoft Visual Studio Solution File, Format Version 12.00
# Visual Studio Version 16
VisualStudioVersion = 16.0.31005.135
MinimumVisualStudioVersion = 10.0.40219.1
Project("{FAE04EC0-301F-11D3-BF4B-00C04F79EFBC}") = "LogAnalysisMySolution", "LogAnalysisMySolution.csproj", "{54A98167-F41C-41E3-A2A2-7CDD03704FB0}"
EndProject
Global
	GlobalSection(SolutionConfigurationPlatforms) = preSolution
		Debug|Any CPU = Debug|Any CPU
		Release|Any CPU = Release|Any CPU
	EndGlobalSection
	GlobalSection(ProjectConfigurationPlatforms) = postSolution
		{54A98167-F41C-41E3-A2A2-7CDD03704FB0}.Debug|Any CPU.ActiveCfg = Debug|Any CPU
		{54A98167-F41C-41E3-A2A2-7CDD03704FB0}.Debug|Any CPU.Build.0 = Debug|Any CPU
		{54A98167-F41C-41E3-A2A2-7CDD03704FB0}.Release|Any CPU.ActiveCfg = Release|Any CPU
		{54A98167-F41C-41E3-A2A2-7CDD03704FB0}.Release|Any CPU.Build.0 = Release|Any CPU
	EndGlobalSection
	GlobalSection(SolutionProperties) = preSolution
		HideSolutionNode = FALSE
	EndGlobalSection
	GlobalSection(ExtensibilityGlobals) = postSolution
		SolutionGuid = {9FDBA763-1D08-449C-959F-C953E52C0445}
	EndGlobalSection
EndGlobal
